# This file is automatically @generated by Cargo.
# It is not intended for manual editing.
version = 3

[[package]]
name = "anyhow"
version = "1.0.102"
source = "registry+https://github.com/rust-lang/crates.io-index"
checksum = "7f202df86484c868dbad7eaa557ef785d5c66295e41b460ef922eca0723b842c"

[[package]]
name = "kulisawit-cli"
version = "0.1.0-dev"
dependencies = [
 "anyhow",
]

[[package]]
name = "kulisawit-core"
version = "0.1.0-dev"

[[package]]
name = "kulisawit-db"
version = "0.1.0-dev"

[[package]]
name = "kulisawit-git"
version = "0.1.0-dev"

[[package]]
name = "kulisawit-kuli"
version = "0.1.0-dev"

[[package]]
name = "kulisawit-server"
version = "0.1.0-dev"
